
Microsoft Visual Studio Solution File, Format Version 12.00
# Visual Studio Version 16
VisualStudioVersion = 16.0.29613.14
MinimumVisualStudioVersion = 10.0.40219.1
Project("{FAE04EC0-301F-11D3-BF4B-00C04F79EFBC}") = "Enhancements", "Enhancements.csproj", "{9872FFA5-83FB-4BB5-8F64-4B233C92A0CC}"
EndProject
Global
	GlobalSection(SolutionConfigurationPlatforms) = preSolution
		Debug|Any CPU = Debug|Any CPU
		Release|Any CPU = Release|Any CPU
	EndGlobalSection
	GlobalSection(ProjectConfigurationPlatforms) = postSolution
		{9872FFA5-83FB-4BB5-8F64-4B233C92A0CC}.Debug|Any CPU.ActiveCfg = Debug|Any CPU
		{9872FFA5-83FB-4BB5-8F64-4B233C92A0CC}.Debug|Any CPU.Build.0 = Debug|Any CPU
		{9872FFA5-83FB-4BB5-8F64-4B233C92A0CC}.Release|Any CPU.ActiveCfg = Release|Any CPU
		{9872FFA5-83FB-4BB5-8F64-4B233C92A0CC}.Release|Any CPU.Build.0 = Release|Any CPU
	EndGlobalSection
	GlobalSection(SolutionProperties) = preSolution
		HideSolutionNode = FALSE
	EndGlobalSection
	GlobalSection(ExtensibilityGlobals) = postSolution
		SolutionGuid = {32A2501F-3D62-436D-A2CF-D5304927B573}
	EndGlobalSection
EndGlobal
